
Microsoft Visual Studio Solution File, Format Version 12.00
# Visual Studio 15
VisualStudioVersion = 15.0.27703.2035
MinimumVisualStudioVersion = 10.0.40219.1
Project("{FAE04EC0-301F-11D3-BF4B-00C04F79EFBC}") = "CompareTwoNames", "CompareTwoNames\CompareTwoNames.csproj", "{8D56BC89-63BF-4398-937E-842191D24D0E}"
EndProject
Global
	GlobalSection(SolutionConfigurationPlatforms) = preSolution
		Debug|Any CPU = Debug|Any CPU
		Release|Any CPU = Release|Any CPU
	EndGlobalSection
	GlobalSection(ProjectConfigurationPlatforms) = postSolution
		{8D56BC89-63BF-4398-937E-842191D24D0E}.Debug|Any CPU.ActiveCfg = Debug|Any CPU
		{8D56BC89-63BF-4398-937E-842191D24D0E}.Debug|Any CPU.Build.0 = Debug|Any CPU
		{8D56BC89-63BF-4398-937E-842191D24D0E}.Release|Any CPU.ActiveCfg = Release|Any CPU
		{8D56BC89-63BF-4398-937E-842191D24D0E}.Release|Any CPU.Build.0 = Release|Any CPU
	EndGlobalSection
	GlobalSection(SolutionProperties) = preSolution
		HideSolutionNode = FALSE
	EndGlobalSection
	GlobalSection(ExtensibilityGlobals) = postSolution
		SolutionGuid = {264DC617-F293-422B-ABFE-72558048A7DE}
	EndGlobalSection
EndGlobal
